{
  "name": "@webergency/logger",
  "version": "0.0.1",
  "lockfileVersion": 2,
  "requires": true,
  "packages": {
    "": {
      "name": "@webergency/logger",
      "version": "0.0.1",
      "license": "MIT",
      "dependencies": {
        "@liqd-js/client-jsonrpc": "^0.0.3",
        "@liqd-js/logger": "^0.0.3",
        "@liqd-js/websocket": "^1.0.1"
      }
    },
    "node_modules/@liqd-js/client-jsonrpc": {
      "version": "0.0.3",
      "resolved": "https://registry.npmjs.org/@liqd-js/client-jsonrpc/-/client-jsonrpc-0.0.3.tgz",
      "integrity": "sha512-cYLvf86Qhf9F2NZfnl1Nvx0QNEVAX9ZCoDjmXhnc7H4BItXRca7m1aHFgRZBTMnhaDaIaDAj3Mbr1EX7p0+MIA==",
      "dependencies": {
        "@liqd-js/options": "^1.0.1",
        "@liqd-js/timed-promise": "^1.0.2",
        "@liqd-js/unique-id": "^1.0.0"
      }
    },
    "node_modules/@liqd-js/ds-heap": {
      "version": "1.0.1",
      "resolved": "https://registry.npmjs.org/@liqd-js/ds-heap/-/ds-heap-1.0.1.tgz",
      "integrity": "sha512-9vHSLN82P3Np2wrDRQHebrQ6N8hwApAJSKJDXOijXGrlN7v/cv2ej6JZqGoqwb314mPtjQofJ2SJTcKS8YpQig=="
    },
    "node_modules/@liqd-js/logger": {
      "version": "0.0.3",
      "resolved": "https://registry.npmjs.org/@liqd-js/logger/-/logger-0.0.3.tgz",
      "integrity": "sha512-aWhI1GDo+OokFmgSdPMiUPvN7sI3u0S7/S1dmVY4w9ZftCN2yoBagxzc7yyGuFwyVq72FPP2aOBNca9mefTXAg=="
    },
    "node_modules/@liqd-js/multibuffer": {
      "version": "1.1.0",
      "resolved": "https://registry.npmjs.org/@liqd-js/multibuffer/-/multibuffer-1.1.0.tgz",
      "integrity": "sha512-nFRGyP3tSugMoIaASOOtfvd7iORseOWou0FgFtqWiy9ez/Asf86AFXy20/Roe4yTieNVmWhcSbZ34Nqymt7vVQ=="
    },
    "node_modules/@liqd-js/options": {
      "version": "1.0.2",
      "resolved": "https://registry.npmjs.org/@liqd-js/options/-/options-1.0.2.tgz",
      "integrity": "sha512-59sUXr5KlTB07SKttRPJC++kCxbxkKyrBWzjhORpCm8k/DJpGC2JpCKBusNpNrRxSDyjimhjavFEhwKja9lHcQ=="
    },
    "node_modules/@liqd-js/querystring": {
      "version": "1.1.0",
      "resolved": "https://registry.npmjs.org/@liqd-js/querystring/-/querystring-1.1.0.tgz",
      "integrity": "sha512-c19tZ/XtsHQq0i7lkj3SgK79F7M7VNWQqPhch+ofWQnN3nM6rQnNXI6t2j0nv5Feq1IVh/4dRTxRobvYNwYcLA=="
    },
    "node_modules/@liqd-js/timed-promise": {
      "version": "1.1.0",
      "resolved": "https://registry.npmjs.org/@liqd-js/timed-promise/-/timed-promise-1.1.0.tgz",
      "integrity": "sha512-nbDeP0ouNuDTpX293WaAkA2uSGUkApp9qKCs/v5VIlkQ/0UO4vQY6COvrtFoncqe3sveOGUBZ/Gg78moDv536g=="
    },
    "node_modules/@liqd-js/timer": {
      "version": "1.0.1",
      "resolved": "https://registry.npmjs.org/@liqd-js/timer/-/timer-1.0.1.tgz",
      "integrity": "sha512-ZefFi4XORbEx7AYZ8ToZ5NfWyMsFwfYUniHrMALHs0A4wauGtiIaVQWlSBxjEm8d9X8vyBizZjmU05zAx8kqqw==",
      "dependencies": {
        "@liqd-js/ds-heap": "^1.0.1"
      }
    },
    "node_modules/@liqd-js/unique-id": {
      "version": "1.0.1",
      "resolved": "https://registry.npmjs.org/@liqd-js/unique-id/-/unique-id-1.0.1.tgz",
      "integrity": "sha512-lIlU0zNZhDZyxvEyCI61ApMtBd1C+zfY5QshEJSIB+hCYFScKZUB3/4pJ0fh5RZwxEfQa6JQwyimfrl6VrHtng==",
      "dependencies": {
        "@liqd-js/options": "^1.0.1"
      }
    },
    "node_modules/@liqd-js/websocket": {
      "version": "1.0.1",
      "resolved": "https://registry.npmjs.org/@liqd-js/websocket/-/websocket-1.0.1.tgz",
      "integrity": "sha512-g+E0DwxuGr18vIAN1TAgFVzP9+pj3OuhjP2rKvcnYQX6ixurc+aQeBfzICSrLaKRV+t52Qf5By+4u5N/fvW/1g==",
      "dependencies": {
        "@liqd-js/multibuffer": "^1.0.2",
        "@liqd-js/options": "^1.0.1",
        "@liqd-js/querystring": "^1.0.0",
        "@liqd-js/timer": "^1.0.1"
      }
    }
  },
  "dependencies": {
    "@liqd-js/client-jsonrpc": {
      "version": "0.0.3",
      "resolved": "https://registry.npmjs.org/@liqd-js/client-jsonrpc/-/client-jsonrpc-0.0.3.tgz",
      "integrity": "sha512-cYLvf86Qhf9F2NZfnl1Nvx0QNEVAX9ZCoDjmXhnc7H4BItXRca7m1aHFgRZBTMnhaDaIaDAj3Mbr1EX7p0+MIA==",
      "requires": {
        "@liqd-js/options": "^1.0.1",
        "@liqd-js/timed-promise": "^1.0.2",
        "@liqd-js/unique-id": "^1.0.0"
      }
    },
    "@liqd-js/ds-heap": {
      "version": "1.0.1",
      "resolved": "https://registry.npmjs.org/@liqd-js/ds-heap/-/ds-heap-1.0.1.tgz",
      "integrity": "sha512-9vHSLN82P3Np2wrDRQHebrQ6N8hwApAJSKJDXOijXGrlN7v/cv2ej6JZqGoqwb314mPtjQofJ2SJTcKS8YpQig=="
    },
    "@liqd-js/logger": {
      "version": "0.0.3",
      "resolved": "https://registry.npmjs.org/@liqd-js/logger/-/logger-0.0.3.tgz",
      "integrity": "sha512-aWhI1GDo+OokFmgSdPMiUPvN7sI3u0S7/S1dmVY4w9ZftCN2yoBagxzc7yyGuFwyVq72FPP2aOBNca9mefTXAg=="
    },
    "@liqd-js/multibuffer": {
      "version": "1.1.0",
      "resolved": "https://registry.npmjs.org/@liqd-js/multibuffer/-/multibuffer-1.1.0.tgz",
      "integrity": "sha512-nFRGyP3tSugMoIaASOOtfvd7iORseOWou0FgFtqWiy9ez/Asf86AFXy20/Roe4yTieNVmWhcSbZ34Nqymt7vVQ=="
    },
    "@liqd-js/options": {
      "version": "1.0.2",
      "resolved": "https://registry.npmjs.org/@liqd-js/options/-/options-1.0.2.tgz",
      "integrity": "sha512-59sUXr5KlTB07SKttRPJC++kCxbxkKyrBWzjhORpCm8k/DJpGC2JpCKBusNpNrRxSDyjimhjavFEhwKja9lHcQ=="
    },
    "@liqd-js/querystring": {
      "version": "1.1.0",
      "resolved": "https://registry.npmjs.org/@liqd-js/querystring/-/querystring-1.1.0.tgz",
      "integrity": "sha512-c19tZ/XtsHQq0i7lkj3SgK79F7M7VNWQqPhch+ofWQnN3nM6rQnNXI6t2j0nv5Feq1IVh/4dRTxRobvYNwYcLA=="
    },
    "@liqd-js/timed-promise": {
      "version": "1.1.0",
      "resolved": "https://registry.npmjs.org/@liqd-js/timed-promise/-/timed-promise-1.1.0.tgz",
      "integrity": "sha512-nbDeP0ouNuDTpX293WaAkA2uSGUkApp9qKCs/v5VIlkQ/0UO4vQY6COvrtFoncqe3sveOGUBZ/Gg78moDv536g=="
    },
    "@liqd-js/timer": {
      "version": "1.0.1",
      "resolved": "https://registry.npmjs.org/@liqd-js/timer/-/timer-1.0.1.tgz",
      "integrity": "sha512-ZefFi4XORbEx7AYZ8ToZ5NfWyMsFwfYUniHrMALHs0A4wauGtiIaVQWlSBxjEm8d9X8vyBizZjmU05zAx8kqqw==",
      "requires": {
        "@liqd-js/ds-heap": "^1.0.1"
      }
    },
    "@liqd-js/unique-id": {
      "version": "1.0.1",
      "resolved": "https://registry.npmjs.org/@liqd-js/unique-id/-/unique-id-1.0.1.tgz",
      "integrity": "sha512-lIlU0zNZhDZyxvEyCI61ApMtBd1C+zfY5QshEJSIB+hCYFScKZUB3/4pJ0fh5RZwxEfQa6JQwyimfrl6VrHtng==",
      "requires": {
        "@liqd-js/options": "^1.0.1"
      }
    },
    "@liqd-js/websocket": {
      "version": "1.0.1",
      "resolved": "https://registry.npmjs.org/@liqd-js/websocket/-/websocket-1.0.1.tgz",
      "integrity": "sha512-g+E0DwxuGr18vIAN1TAgFVzP9+pj3OuhjP2rKvcnYQX6ixurc+aQeBfzICSrLaKRV+t52Qf5By+4u5N/fvW/1g==",
      "requires": {
        "@liqd-js/multibuffer": "^1.0.2",
        "@liqd-js/options": "^1.0.1",
        "@liqd-js/querystring": "^1.0.0",
        "@liqd-js/timer": "^1.0.1"
      }
    }
  }
}
